# THIS IS AN AUTOGENERATED FILE. DO NOT EDIT THIS FILE DIRECTLY.
# yarn lockfile v2

"axios@0.24.0":
  version "0.24.0"
  resolved "https://registry.yarnpkg.com/axios/-/axios-0.24.0.tgz#4d5423a996caabcedfa94b68a61b82ebc1b11c92"
  integrity sha512-gO3PEjRNBGr2dRJ/FWpVXl9l/ZuFY97IF0Nc39S3ty2C2bLTZcfFk0Jzkthc/2umgs4LQOoDiFYlS6AHi2iEZw==

"chalk@4.1.1":
  version "4.1.1"
  resolved "https://registry.yarnpkg.com/chalk/-/chalk-4.1.1.tgz#9940717bbf7a5e8f5294f4f6c2459a649fa5cc186"
  integrity sha512-3P66v0s+vDDDBuhE4v1zHLvgQbb0F7rKz3ab6fZB4MsL2PleM4JHn3Vg9z/vU3x7Kj5L6Aq1NHlt0TP53UAF4w==

# ... (more dependencies) ...
